// !$*UTF8*$!
{
	archiveVersion = 1;
	classes = {
	};
	objectVersion = 46;
	objects = {

/* Begin PBXBuildFile section */
		47D46CC71A8C982900B7EF54 /* AppDelegate.swift in Sources */ = {isa = PBXBuildFile; fileRef = 47D46CC61A8C982900B7EF54 /* AppDelegate.swift */; };
		47D46CC91A8C982900B7EF54 /* ViewController.swift in Sources */ = {isa = PBXBuildFile; fileRef = 47D46CC81A8C982900B7EF54 /* ViewController.swift */; };
		47D46CCC1A8C982A00B7EF54 /* Main.storyboard in Resources */ = {isa = PBXBuildFile; fileRef = 47D46CCA1A8C982A00B7EF54 /* Main.storyboard */; };
		47D46CCE1A8C982A00B7EF54 /* Images.xcassets in Resources */ = {isa = PBXBuildFile; fileRef = 47D46CCD1A8C982A00B7EF54 /* Images.xcassets */; };
		47D46CD11A8C982A00B7EF54 /* LaunchScreen.xib in Resources */ = {isa = PBXBuildFile; fileRef = 47D46CCF1A8C982A00B7EF54 /* LaunchScreen.xib */; };
		47D46CDD1A8C982A00B7EF54 /* UniformStringTests.swift in Sources */ = {isa = PBXBuildFile; fileRef = 47D46CDC1A8C982A00B7EF54 /* UniformStringTests.swift */; };
		47D46CE71A8C985600B7EF54 /* UniformString.swift in Sources */ = {isa = PBXBuildFile; fileRef = 47D46CE61A8C985600B7EF54 /* UniformString.swift */; };
/* End PBXBuildFile section */

/* Begin PBXContainerItemProxy section */
		47D46CD71A8C982A00B7EF54 /* PBXContainerItemProxy */ = {
			isa = PBXContainerItemProxy;
			containerPortal = 47D46CB91A8C982900B7EF54 /* Project object */;
			proxyType = 1;
			remoteGlobalIDString = 47D46CC01A8C982900B7EF54;
			remoteInfo = UniformString;
		};
/* End PBXContainerItemProxy section */

/* Begin PBXFileReference section */
		47D46CC11A8C982900B7EF54 /* UniformString.app */ = {isa = PBXFileReference; explicitFileType = wrapper.application; includeInIndex = 0; path = UniformString.app; sourceTree = BUILT_PRODUCTS_DIR; };
		47D46CC51A8C982900B7EF54 /* Info.plist */ = {isa = PBXFileReference; lastKnownFileType = text.plist.xml; path = Info.plist; sourceTree = "<group>"; };
		47D46CC61A8C982900B7EF54 /* AppDelegate.swift */ = {isa = PBXFileReference; lastKnownFileType = sourcecode.swift; path = AppDelegate.swift; sourceTree = "<group>"; };
		47D46CC81A8C982900B7EF54 /* ViewController.swift */ = {isa = PBXFileReference; lastKnownFileType = sourcecode.swift; path = ViewController.swift; sourceTree = "<group>"; };
		47D46CCB1A8C982A00B7EF54 /* Base */ = {isa = PBXFileReference; lastKnownFileType = file.storyboard; name = Base; path = Base.lproj/Main.storyboard; sourceTree = "<group>"; };
		47D46CCD1A8C982A00B7EF54 /* Images.xcassets */ = {isa = PBXFileReference; lastKnownFileType = folder.assetcatalog; path = Images.xcassets; sourceTree = "<group>"; };
		47D46CD01A8C982A00B7EF54 /* Base */ = {isa = PBXFileReference; lastKnownFileType = file.xib; name = Base; path = Base.lproj/LaunchScreen.xib; sourceTree = "<group>"; };
		47D46CD61A8C982A00B7EF54 /* UniformStringTests.xctest */ = {isa = PBXFileReference; explicitFileType = wrapper.cfbundle; includeInIndex = 0; path = UniformStringTests.xctest; sourceTree = BUILT_PRODUCTS_DIR; };
		47D46CDB1A8C982A00B7EF54 /* Info.plist */ = {isa = PBXFileReference; lastKnownFileType = text.plist.xml; path = Info.plist; sourceTree = "<group>"; };
		47D46CDC1A8C982A00B7EF54 /* UniformStringTests.swift */ = {isa = PBXFileReference; lastKnownFileType = sourcecode.swift; path = UniformStringTests.swift; sourceTree = "<group>"; };
		47D46CE61A8C985600B7EF54 /* UniformString.swift */ = {isa = PBXFileReference; fileEncoding = 4; lastKnownFileType = sourcecode.swift; name = UniformString.swift; path = src/UniformString.swift; sourceTree = SOURCE_ROOT; };
/* End PBXFileReference section */

/* Begin PBXFrameworksBuildPhase section */
		47D46CBE1A8C982900B7EF54 /* Frameworks */ = {
			isa = PBXFrameworksBuildPhase;
			buildActionMask = 2147483647;
			files = (
			);
			runOnlyForDeploymentPostprocessing = 0;
		};
		47D46CD31A8C982A00B7EF54 /* Frameworks */ = {
			isa = PBXFrameworksBuildPhase;
			buildActionMask = 2147483647;
			files = (
			);
			runOnlyForDeploymentPostprocessing = 0;
		};
/* End PBXFrameworksBuildPhase section */

/* Begin PBXGroup section */
		47D46CB81A8C982900B7EF54 = {
			isa = PBXGroup;
			children = (
				47D46CC31A8C982900B7EF54 /* UniformString */,
				47D46CD91A8C982A00B7EF54 /* UniformStringTests */,
				47D46CC21A8C982900B7EF54 /* Products */,
			);
			sourceTree = "<group>";
		};
		47D46CC21A8C982900B7EF54 /* Products */ = {
			isa = PBXGroup;
			children = (
				47D46CC11A8C982900B7EF54 /* UniformString.app */,
				47D46CD61A8C982A00B7EF54 /* UniformStringTests.xctest */,
			);
			name = Products;
			sourceTree = "<group>";
		};
		47D46CC31A8C982900B7EF54 /* UniformString */ = {
			isa = PBXGroup;
			children = (
				47D46CC61A8C982900B7EF54 /* AppDelegate.swift */,
				47D46CC81A8C982900B7EF54 /* ViewController.swift */,
				47D46CCA1A8C982A00B7EF54 /* Main.storyboard */,
				47D46CCD1A8C982A00B7EF54 /* Images.xcassets */,
				47D46CCF1A8C982A00B7EF54 /* LaunchScreen.xib */,
				47D46CC41A8C982900B7EF54 /* Supporting Files */,
				47D46CE61A8C985600B7EF54 /* UniformString.swift */,
			);
			path = UniformString;
			sourceTree = "<group>";
		};
		47D46CC41A8C982900B7EF54 /* Supporting Files */ = {
			isa = PBXGroup;
			children = (
				47D46CC51A8C982900B7EF54 /* Info.plist */,
			);
			name = "Supporting Files";
			sourceTree = "<group>";
		};
		47D46CD91A8C982A00B7EF54 /* UniformStringTests */ = {
			isa = PBXGroup;
			children = (
				47D46CDC1A8C982A00B7EF54 /* UniformStringTests.swift */,
				47D46CDA1A8C982A00B7EF54 /* Supporting Files */,
			);
			path = UniformStringTests;
			sourceTree = "<group>";
		};
		47D46CDA1A8C982A00B7EF54 /* Supporting Files */ = {
			isa = PBXGroup;
			children = (
				47D46CDB1A8C982A00B7EF54 /* Info.plist */,
			);
			name = "Supporting Files";
			sourceTree = "<group>";
		};
/* End PBXGroup section */

/* Begin PBXNativeTarget section */
		47D46CC01A8C982900B7EF54 /* UniformString */ = {
			isa = PBXNativeTarget;
			buildConfigurationList = 47D46CE01A8C982A00B7EF54 /* Build configuration list for PBXNativeTarget "UniformString" */;
			buildPhases = (
				47D46CBD1A8C982900B7EF54 /* Sources */,
				47D46CBE1A8C982900B7EF54 /* Frameworks */,
				47D46CBF1A8C982900B7EF54 /* Resources */,
			);
			buildRules = (
			);
			dependencies = (
			);
			name = UniformString;
			productName = UniformString;
			productReference = 47D46CC11A8C982900B7EF54 /* UniformString.app */;
			productType = "com.apple.product-type.application";
		};
		47D46CD51A8C982A00B7EF54 /* UniformStringTests */ = {
			isa = PBXNativeTarget;
			buildConfigurationList = 47D46CE31A8C982A00B7EF54 /* Build configuration list for PBXNativeTarget "UniformStringTests" */;
			buildPhases = (
				47D46CD21A8C982A00B7EF54 /* Sources */,
				47D46CD31A8C982A00B7EF54 /* Frameworks */,
				47D46CD41A8C982A00B7EF54 /* Resources */,
			);
			buildRules = (
			);
			dependencies = (
				47D46CD81A8C982A00B7EF54 /* PBXTargetDependency */,
			);
			name = UniformStringTests;
			productName = UniformStringTests;
			productReference = 47D46CD61A8C982A00B7EF54 /* UniformStringTests.xctest */;
			productType = "com.apple.product-type.bundle.unit-test";
		};
/* End PBXNativeTarget section */

/* Begin PBXProject section */
		47D46CB91A8C982900B7EF54 /* Project object */ = {
			isa = PBXProject;
			attributes = {
				LastUpgradeCheck = 0630;
				ORGANIZATIONNAME = Cloudbay;
				TargetAttributes = {
					47D46CC01A8C982900B7EF54 = {
						CreatedOnToolsVersion = 6.3;
					};
					47D46CD51A8C982A00B7EF54 = {
						CreatedOnToolsVersion = 6.3;
						TestTargetID = 47D46CC01A8C982900B7EF54;
					};
				};
			};
			buildConfigurationList = 47D46CBC1A8C982900B7EF54 /* Build configuration list for PBXProject "UniformString" */;
			compatibilityVersion = "Xcode 3.2";
			developmentRegion = English;
			hasScannedForEncodings = 0;
			knownRegions = (
				en,
				Base,
			);
			mainGroup = 47D46CB81A8C982900B7EF54;
			productRefGroup = 47D46CC21A8C982900B7EF54 /* Products */;
			projectDirPath = "";
			projectRoot = "";
			targets = (
				47D46CC01A8C982900B7EF54 /* UniformString */,
				47D46CD51A8C982A00B7EF54 /* UniformStringTests */,
			);
		};
/* End PBXProject section */

/* Begin PBXResourcesBuildPhase section */
		47D46CBF1A8C982900B7EF54 /* Resources */ = {
			isa = PBXResourcesBuildPhase;
			buildActionMask = 2147483647;
			files = (
				47D46CCC1A8C982A00B7EF54 /* Main.storyboard in Resources */,
				47D46CD11A8C982A00B7EF54 /* LaunchScreen.xib in Resources */,
				47D46CCE1A8C982A00B7EF54 /* Images.xcassets in Resources */,
			);
			runOnlyForDeploymentPostprocessing = 0;
		};
		47D46CD41A8C982A00B7EF54 /* Resources */ = {
			isa = PBXResourcesBuildPhase;
			buildActionMask = 2147483647;
			files = (
			);
			runOnlyForDeploymentPostprocessing = 0;
		};
/* End PBXResourcesBuildPhase section */

/* Begin PBXSourcesBuildPhase section */
		47D46CBD1A8C982900B7EF54 /* Sources */ = {
			isa = PBXSourcesBuildPhase;
			buildActionMask = 2147483647;
			files = (
				47D46CC91A8C982900B7EF54 /* ViewController.swift in Sources */,
				47D46CE71A8C985600B7EF54 /* UniformString.swift in Sources */,
				47D46CC71A8C982900B7EF54 /* AppDelegate.swift in Sources */,
			);
			runOnlyForDeploymentPostprocessing = 0;
		};
		47D46CD21A8C982A00B7EF54 /* Sources */ = {
			isa = PBXSourcesBuildPhase;
			buildActionMask = 2147483647;
			files = (
				47D46CDD1A8C982A00B7EF54 /* UniformStringTests.swift in Sources */,
			);
			runOnlyForDeploymentPostprocessing = 0;
		};
/* End PBXSourcesBuildPhase section */

/* Begin PBXTargetDependency section */
		47D46CD81A8C982A00B7EF54 /* PBXTargetDependency */ = {
			isa = PBXTargetDependency;
			target = 47D46CC01A8C982900B7EF54 /* UniformString */;
			targetProxy = 47D46CD71A8C982A00B7EF54 /* PBXContainerItemProxy */;
		};
/* End PBXTargetDependency section */

/* Begin PBXVariantGroup section */
		47D46CCA1A8C982A00B7EF54 /* Main.storyboard */ = {
			isa = PBXVariantGroup;
			children = (
				47D46CCB1A8C982A00B7EF54 /* Base */,
			);
			name = Main.storyboard;
			sourceTree = "<group>";
		};
		47D46CCF1A8C982A00B7EF54 /* LaunchScreen.xib */ = {
			isa = PBXVariantGroup;
			children = (
				47D46CD01A8C982A00B7EF54 /* Base */,
			);
			name = LaunchScreen.xib;
			sourceTree = "<group>";
		};
/* End PBXVariantGroup section */

/* Begin XCBuildConfiguration section */
		47D46CDE1A8C982A00B7EF54 /* Debug */ = {
			isa = XCBuildConfiguration;
			buildSettings = {
				ALWAYS_SEARCH_USER_PATHS = NO;
				CLANG_CXX_LANGUAGE_STANDARD = "gnu++0x";
				CLANG_CXX_LIBRARY = "libc++";
				CLANG_ENABLE_MODULES = YES;
				CLANG_ENABLE_OBJC_ARC = YES;
				CLANG_WARN_BOOL_CONVERSION = YES;
				CLANG_WARN_CONSTANT_CONVERSION = YES;
				CLANG_WARN_DIRECT_OBJC_ISA_USAGE = YES_ERROR;
				CLANG_WARN_EMPTY_BODY = YES;
				CLANG_WARN_ENUM_CONVERSION = YES;
				CLANG_WARN_INT_CONVERSION = YES;
				CLANG_WARN_OBJC_ROOT_CLASS = YES_ERROR;
				CLANG_WARN_UNREACHABLE_CODE = YES;
				CLANG_WARN__DUPLICATE_METHOD_MATCH = YES;
				"CODE_SIGN_IDENTITY[sdk=iphoneos*]" = "iPhone Developer";
				COPY_PHASE_STRIP = NO;
				DEBUG_INFORMATION_FORMAT = dwarf;
				ENABLE_STRICT_OBJC_MSGSEND = YES;
				GCC_C_LANGUAGE_STANDARD = gnu99;
				GCC_DYNAMIC_NO_PIC = NO;
				GCC_OPTIMIZATION_LEVEL = 0;
				GCC_PREPROCESSOR_DEFINITIONS = (
					"DEBUG=1",
					"$(inherited)",
				);
				GCC_SYMBOLS_PRIVATE_EXTERN = NO;
				GCC_WARN_64_TO_32_BIT_CONVERSION = YES;
				GCC_WARN_ABOUT_RETURN_TYPE = YES_ERROR;
				GCC_WARN_UNDECLARED_SELECTOR = YES;
				GCC_WARN_UNINITIALIZED_AUTOS = YES_AGGRESSIVE;
				GCC_WARN_UNUSED_FUNCTION = YES;
				GCC_WARN_UNUSED_VARIABLE = YES;
				IPHONEOS_DEPLOYMENT_TARGET = 8.3;
				MTL_ENABLE_DEBUG_INFO = YES;
				ONLY_ACTIVE_ARCH = YES;
				SDKROOT = iphoneos;
				SWIFT_OPTIMIZATION_LEVEL = "-Onone";
			};
			name = Debug;
		};
		47D46CDF1A8C982A00B7EF54 /* Release */ = {
			isa = XCBuildConfiguration;
			buildSettings = {
				ALWAYS_SEARCH_USER_PATHS = NO;
				CLANG_CXX_LANGUAGE_STANDARD = "gnu++0x";
				CLANG_CXX_LIBRARY = "libc++";
				CLANG_ENABLE_MODULES = YES;
				CLANG_ENABLE_OBJC_ARC = YES;
				CLANG_WARN_BOOL_CONVERSION = YES;
				CLANG_WARN_CONSTANT_CONVERSION = YES;
				CLANG_WARN_DIRECT_OBJC_ISA_USAGE = YES_ERROR;
				CLANG_WARN_EMPTY_BODY = YES;
				CLANG_WARN_ENUM_CONVERSION = YES;
				CLANG_WARN_INT_CONVERSION = YES;
				CLANG_WARN_OBJC_ROOT_CLASS = YES_ERROR;
				CLANG_WARN_UNREACHABLE_CODE = YES;
				CLANG_WARN__DUPLICATE_METHOD_MATCH = YES;
				"CODE_SIGN_IDENTITY[sdk=iphoneos*]" = "iPhone Developer";
				COPY_PHASE_STRIP = NO;
				DEBUG_INFORMATION_FORMAT = "dwarf-with-dsym";
				ENABLE_NS_ASSERTIONS = NO;
				ENABLE_STRICT_OBJC_MSGSEND = YES;
				GCC_C_LANGUAGE_STANDARD = gnu99;
				GCC_WARN_64_TO_32_BIT_CONVERSION = YES;
				GCC_WARN_ABOUT_RETURN_TYPE = YES_ERROR;
				GCC_WARN_UNDECLARED_SELECTOR = YES;
				GCC_WARN_UNINITIALIZED_AUTOS = YES_AGGRESSIVE;
				GCC_WARN_UNUSED_FUNCTION = YES;
				GCC_WARN_UNUSED_VARIABLE = YES;
				IPHONEOS_DEPLOYMENT_TARGET = 8.3;
				MTL_ENABLE_DEBUG_INFO = NO;
				SDKROOT = iphoneos;
				VALIDATE_PRODUCT = YES;
			};
			name = Release;
		};
		47D46CE11A8C982A00B7EF54 /* Debug */ = {
			isa = XCBuildConfiguration;
			buildSettings = {
				ASSETCATALOG_COMPILER_APPICON_NAME = AppIcon;
				INFOPLIST_FILE = UniformString/Info.plist;
				LD_RUNPATH_SEARCH_PATHS = "$(inherited) @executable_path/Frameworks";
				PRODUCT_NAME = "$(TARGET_NAME)";
			};
			name = Debug;
		};
		47D46CE21A8C982A00B7EF54 /* Release */ = {
			isa = XCBuildConfiguration;
			buildSettings = {
				ASSETCATALOG_COMPILER_APPICON_NAME = AppIcon;
				INFOPLIST_FILE = UniformString/Info.plist;
				LD_RUNPATH_SEARCH_PATHS = "$(inherited) @executable_path/Frameworks";
				PRODUCT_NAME = "$(TARGET_NAME)";
			};
			name = Release;
		};
		47D46CE41A8C982A00B7EF54 /* Debug */ = {
			isa = XCBuildConfiguration;
			buildSettings = {
				BUNDLE_LOADER = "$(TEST_HOST)";
				FRAMEWORK_SEARCH_PATHS = (
					"$(SDKROOT)/Developer/Library/Frameworks",
					"$(inherited)",
				);
				GCC_PREPROCESSOR_DEFINITIONS = (
					"DEBUG=1",
					"$(inherited)",
				);
				INFOPLIST_FILE = UniformStringTests/Info.plist;
				LD_RUNPATH_SEARCH_PATHS = "$(inherited) @executable_path/Frameworks @loader_path/Frameworks";
				PRODUCT_NAME = "$(TARGET_NAME)";
				TEST_HOST = "$(BUILT_PRODUCTS_DIR)/UniformString.app/UniformString";
			};
			name = Debug;
		};
		47D46CE51A8C982A00B7EF54 /* Release */ = {
			isa = XCBuildConfiguration;
			buildSettings = {
				BUNDLE_LOADER = "$(TEST_HOST)";
				FRAMEWORK_SEARCH_PATHS = (
					"$(SDKROOT)/Developer/Library/Frameworks",
					"$(inherited)",
				);
				INFOPLIST_FILE = UniformStringTests/Info.plist;
				LD_RUNPATH_SEARCH_PATHS = "$(inherited) @executable_path/Frameworks @loader_path/Frameworks";
				PRODUCT_NAME = "$(TARGET_NAME)";
				TEST_HOST = "$(BUILT_PRODUCTS_DIR)/UniformString.app/UniformString";
			};
			name = Release;
		};
/* End XCBuildConfiguration section */

/* Begin XCConfigurationList section */
		47D46CBC1A8C982900B7EF54 /* Build configuration list for PBXProject "UniformString" */ = {
			isa = XCConfigurationList;
			buildConfigurations = (
				47D46CDE1A8C982A00B7EF54 /* Debug */,
				47D46CDF1A8C982A00B7EF54 /* Release */,
			);
			defaultConfigurationIsVisible = 0;
			defaultConfigurationName = Release;
		};
		47D46CE01A8C982A00B7EF54 /* Build configuration list for PBXNativeTarget "UniformString" */ = {
			isa = XCConfigurationList;
			buildConfigurations = (
				47D46CE11A8C982A00B7EF54 /* Debug */,
				47D46CE21A8C982A00B7EF54 /* Release */,
			);
			defaultConfigurationIsVisible = 0;
		};
		47D46CE31A8C982A00B7EF54 /* Build configuration list for PBXNativeTarget "UniformStringTests" */ = {
			isa = XCConfigurationList;
			buildConfigurations = (
				47D46CE41A8C982A00B7EF54 /* Debug */,
				47D46CE51A8C982A00B7EF54 /* Release */,
			);
			defaultConfigurationIsVisible = 0;
		};
/* End XCConfigurationList section */
	};
	rootObject = 47D46CB91A8C982900B7EF54 /* Project object */;
}
